
Microsoft Visual Studio Solution File, Format Version 12.00
# Visual Studio Version 17
VisualStudioVersion = 17.6.33829.357
MinimumVisualStudioVersion = 10.0.40219.1
Project("{FAE04EC0-301F-11D3-BF4B-00C04F79EFBC}") = "CreditCardRegister.API", "CreditCardRegister.API.csproj", "{3FAD035E-B981-4567-B902-43C6D511F6DB}"
EndProject
Project("{FAE04EC0-301F-11D3-BF4B-00C04F79EFBC}") = "CreditCardRegister.Application", "..\CreditCardRegister.Application\CreditCardRegister.Application.csproj", "{227EA8B7-A6F9-46AF-B305-B6A8FBEF0353}"
EndProject
Project("{FAE04EC0-301F-11D3-BF4B-00C04F79EFBC}") = "CreditCardRegister.Contracts", "..\CreditCardRegister.Contracts\CreditCardRegister.Contracts.csproj", "{C5C0A655-FEDF-4DF1-AD17-1388923FB545}"
EndProject
Project("{FAE04EC0-301F-11D3-BF4B-00C04F79EFBC}") = "CreditCardRegister.Domain", "..\CreditCardRegister.Domain\CreditCardRegister.Domain.csproj", "{F7CF959D-A94E-4D0D-886D-C463CBE9F0D8}"
EndProject
Project("{FAE04EC0-301F-11D3-BF4B-00C04F79EFBC}") = "CreditCardRegister.Infrastructure", "..\CreditCardRegister.Infrastructure\CreditCardRegister.Infrastructure.csproj", "{71910658-272D-4B93-A8B2-EE1D325F7416}"
EndProject
Global
	GlobalSection(SolutionConfigurationPlatforms) = preSolution
		Debug|Any CPU = Debug|Any CPU
		Release|Any CPU = Release|Any CPU
	EndGlobalSection
	GlobalSection(ProjectConfigurationPlatforms) = postSolution
		{3FAD035E-B981-4567-B902-43C6D511F6DB}.Debug|Any CPU.ActiveCfg = Debug|Any CPU
		{3FAD035E-B981-4567-B902-43C6D511F6DB}.Debug|Any CPU.Build.0 = Debug|Any CPU
		{3FAD035E-B981-4567-B902-43C6D511F6DB}.Release|Any CPU.ActiveCfg = Release|Any CPU
		{3FAD035E-B981-4567-B902-43C6D511F6DB}.Release|Any CPU.Build.0 = Release|Any CPU
		{227EA8B7-A6F9-46AF-B305-B6A8FBEF0353}.Debug|Any CPU.ActiveCfg = Debug|Any CPU
		{227EA8B7-A6F9-46AF-B305-B6A8FBEF0353}.Debug|Any CPU.Build.0 = Debug|Any CPU
		{227EA8B7-A6F9-46AF-B305-B6A8FBEF0353}.Release|Any CPU.ActiveCfg = Release|Any CPU
		{227EA8B7-A6F9-46AF-B305-B6A8FBEF0353}.Release|Any CPU.Build.0 = Release|Any CPU
		{C5C0A655-FEDF-4DF1-AD17-1388923FB545}.Debug|Any CPU.ActiveCfg = Debug|Any CPU
		{C5C0A655-FEDF-4DF1-AD17-1388923FB545}.Debug|Any CPU.Build.0 = Debug|Any CPU
		{C5C0A655-FEDF-4DF1-AD17-1388923FB545}.Release|Any CPU.ActiveCfg = Release|Any CPU
		{C5C0A655-FEDF-4DF1-AD17-1388923FB545}.Release|Any CPU.Build.0 = Release|Any CPU
		{F7CF959D-A94E-4D0D-886D-C463CBE9F0D8}.Debug|Any CPU.ActiveCfg = Debug|Any CPU
		{F7CF959D-A94E-4D0D-886D-C463CBE9F0D8}.Debug|Any CPU.Build.0 = Debug|Any CPU
		{F7CF959D-A94E-4D0D-886D-C463CBE9F0D8}.Release|Any CPU.ActiveCfg = Release|Any CPU
		{F7CF959D-A94E-4D0D-886D-C463CBE9F0D8}.Release|Any CPU.Build.0 = Release|Any CPU
		{71910658-272D-4B93-A8B2-EE1D325F7416}.Debug|Any CPU.ActiveCfg = Debug|Any CPU
		{71910658-272D-4B93-A8B2-EE1D325F7416}.Debug|Any CPU.Build.0 = Debug|Any CPU
		{71910658-272D-4B93-A8B2-EE1D325F7416}.Release|Any CPU.ActiveCfg = Release|Any CPU
		{71910658-272D-4B93-A8B2-EE1D325F7416}.Release|Any CPU.Build.0 = Release|Any CPU
	EndGlobalSection
	GlobalSection(SolutionProperties) = preSolution
		HideSolutionNode = FALSE
	EndGlobalSection
	GlobalSection(ExtensibilityGlobals) = postSolution
		SolutionGuid = {37AE3FFB-6C40-4F90-8255-7990B7FB940D}
	EndGlobalSection
EndGlobal
